{
  "name": "dummy-json-playwright-api",
  "version": "1.0.0",
  "lockfileVersion": 3,
  "requires": true,
  "packages": {
    "": {
      "name": "dummy-json-playwright-api",
      "version": "1.0.0",
      "license": "ISC",
      "dependencies": {
        "@faker-js/faker": "^10.2.0"
      },
      "devDependencies": {
        "@eslint/js": "^9.39.2",
        "@playwright/test": "^1.57.0",
        "@types/node": "^25.0.3",
        "globals": "^17.0.0",
        "jiti": "^2.6.1",
        "prettier": "3.7.4"
      }
    },
    "node_modules/@eslint/js": {
      "version": "9.39.2",
      "resolved": "https://registry.npmjs.org/@eslint/js/-/js-9.39.2.tgz",
      "integrity": "sha512-q1mjIoW1VX4IvSocvM/vbTiveKC4k9eLrajNEuSsmjymSDEbpGddtpfOoN7YGAqBK3NG+uqo8ia4PDTt8buCYA==",
      "dev": true,
      "license": "MIT",
      "engines": {
        "node": "^18.18.0 || ^20.9.0 || >=21.1.0"
      },
      "funding": {
        "url": "https://eslint.org/donate"
      }
    },
    "node_modules/@faker-js/faker": {
      "version": "10.2.0",
      "resolved": "https://registry.npmjs.org/@faker-js/faker/-/faker-10.2.0.tgz",
      "integrity": "sha512-rTXwAsIxpCqzUnZvrxVh3L0QA0NzToqWBLAhV+zDV3MIIwiQhAZHMdPCIaj5n/yADu/tyk12wIPgL6YHGXJP+g==",
      "funding": [
        {
          "type": "opencollective",
          "url": "https://opencollective.com/fakerjs"
        }
      ],
      "license": "MIT",
      "engines": {
        "node": "^20.19.0 || ^22.13.0 || ^23.5.0 || >=24.0.0",
        "npm": ">=10"
      }
    },
    "node_modules/@playwright/test": {
      "version": "1.57.0",
      "resolved": "https://registry.npmjs.org/@playwright/test/-/test-1.57.0.tgz",
      "integrity": "sha512-6TyEnHgd6SArQO8UO2OMTxshln3QMWBtPGrOCgs3wVEmQmwyuNtB10IZMfmYDE0riwNR1cu4q+pPcxMVtaG3TA==",
      "dev": true,
      "license": "Apache-2.0",
      "dependencies": {
        "playwright": "1.57.0"
      },
      "bin": {
        "playwright": "cli.js"
      },
      "engines": {
        "node": ">=18"
      }
    },
    "node_modules/@types/node": {
      "version": "25.0.3",
      "resolved": "https://registry.npmjs.org/@types/node/-/node-25.0.3.tgz",
      "integrity": "sha512-W609buLVRVmeW693xKfzHeIV6nJGGz98uCPfeXI1ELMLXVeKYZ9m15fAMSaUPBHYLGFsVRcMmSCksQOrZV9BYA==",
      "dev": true,
      "license": "MIT",
      "dependencies": {
        "undici-types": "~7.16.0"
      }
    },
    "node_modules/fsevents": {
      "version": "2.3.2",
      "resolved": "https://registry.npmjs.org/fsevents/-/fsevents-2.3.2.tgz",
      "integrity": "sha512-xiqMQR4xAeHTuB9uWm+fFRcIOgKBMiOBP+eXiyT7jsgVCq1bkVygt00oASowB7EdtpOHaaPgKt812P9ab+DDKA==",
      "dev": true,
      "hasInstallScript": true,
      "license": "MIT",
      "optional": true,
      "os": [
        "darwin"
      ],
      "engines": {
        "node": "^8.16.0 || ^10.6.0 || >=11.0.0"
      }
    },
    "node_modules/globals": {
      "version": "17.0.0",
      "resolved": "https://registry.npmjs.org/globals/-/globals-17.0.0.tgz",
      "integrity": "sha512-gv5BeD2EssA793rlFWVPMMCqefTlpusw6/2TbAVMy0FzcG8wKJn4O+NqJ4+XWmmwrayJgw5TzrmWjFgmz1XPqw==",
      "dev": true,
      "license": "MIT",
      "engines": {
        "node": ">=18"
      },
      "funding": {
        "url": "https://github.com/sponsors/sindresorhus"
      }
    },
    "node_modules/jiti": {
      "version": "2.6.1",
      "resolved": "https://registry.npmjs.org/jiti/-/jiti-2.6.1.tgz",
      "integrity": "sha512-ekilCSN1jwRvIbgeg/57YFh8qQDNbwDb9xT/qu2DAHbFFZUicIl4ygVaAvzveMhMVr3LnpSKTNnwt8PoOfmKhQ==",
      "dev": true,
      "license": "MIT",
      "bin": {
        "jiti": "lib/jiti-cli.mjs"
      }
    },
    "node_modules/playwright": {
      "version": "1.57.0",
      "resolved": "https://registry.npmjs.org/playwright/-/playwright-1.57.0.tgz",
      "integrity": "sha512-ilYQj1s8sr2ppEJ2YVadYBN0Mb3mdo9J0wQ+UuDhzYqURwSoW4n1Xs5vs7ORwgDGmyEh33tRMeS8KhdkMoLXQw==",
      "dev": true,
      "license": "Apache-2.0",
      "dependencies": {
        "playwright-core": "1.57.0"
      },
      "bin": {
        "playwright": "cli.js"
      },
      "engines": {
        "node": ">=18"
      },
      "optionalDependencies": {
        "fsevents": "2.3.2"
      }
    },
    "node_modules/playwright-core": {
      "version": "1.57.0",
      "resolved": "https://registry.npmjs.org/playwright-core/-/playwright-core-1.57.0.tgz",
      "integrity": "sha512-agTcKlMw/mjBWOnD6kFZttAAGHgi/Nw0CZ2o6JqWSbMlI219lAFLZZCyqByTsvVAJq5XA5H8cA6PrvBRpBWEuQ==",
      "dev": true,
      "license": "Apache-2.0",
      "bin": {
        "playwright-core": "cli.js"
      },
      "engines": {
        "node": ">=18"
      }
    },
    "node_modules/prettier": {
      "version": "3.7.4",
      "resolved": "https://registry.npmjs.org/prettier/-/prettier-3.7.4.tgz",
      "integrity": "sha512-v6UNi1+3hSlVvv8fSaoUbggEM5VErKmmpGA7Pl3HF8V6uKY7rvClBOJlH6yNwQtfTueNkGVpOv/mtWL9L4bgRA==",
      "dev": true,
      "license": "MIT",
      "bin": {
        "prettier": "bin/prettier.cjs"
      },
      "engines": {
        "node": ">=14"
      },
      "funding": {
        "url": "https://github.com/prettier/prettier?sponsor=1"
      }
    },
    "node_modules/undici-types": {
      "version": "7.16.0",
      "resolved": "https://registry.npmjs.org/undici-types/-/undici-types-7.16.0.tgz",
      "integrity": "sha512-Zz+aZWSj8LE6zoxD+xrjh4VfkIG8Ya6LvYkZqtUQGJPZjYl53ypCaUwWqo7eI0x66KBGeRo+mlBEkMSeSZ38Nw==",
      "dev": true,
      "license": "MIT"
    }
  }
}
